
Microsoft Visual Studio Solution File, Format Version 12.00
# Visual Studio 2013
VisualStudioVersion = 12.0.21005.1
MinimumVisualStudioVersion = 10.0.40219.1
Project("{8BC9CEB8-8B4A-11D0-8D11-00A0C91BC942}") = "ProModbusMd", "ProModbusMd\ProModbusMd.vcxproj", "{AD1A8923-4ACC-4854-9641-63234B6D0F61}"
EndProject
Project("{8BC9CEB8-8B4A-11D0-8D11-00A0C91BC942}") = "UnitTest1", "UnitTest1\UnitTest1.vcxproj", "{2D4756EE-BDCA-49E2-B84F-7E66D2C1A88D}"
EndProject
Project("{8BC9CEB8-8B4A-11D0-8D11-00A0C91BC942}") = "ProModbusVd", "ProModbusVd\ProModbusVd.vcxproj", "{CC624035-153C-46E3-A577-4CAD65FA01A9}"
EndProject
Global
	GlobalSection(SolutionConfigurationPlatforms) = preSolution
		Debug|Win32 = Debug|Win32
		Release|Win32 = Release|Win32
	EndGlobalSection
	GlobalSection(ProjectConfigurationPlatforms) = postSolution
		{AD1A8923-4ACC-4854-9641-63234B6D0F61}.Debug|Win32.ActiveCfg = Debug|Win32
		{AD1A8923-4ACC-4854-9641-63234B6D0F61}.Debug|Win32.Build.0 = Debug|Win32
		{AD1A8923-4ACC-4854-9641-63234B6D0F61}.Release|Win32.ActiveCfg = Release|Win32
		{AD1A8923-4ACC-4854-9641-63234B6D0F61}.Release|Win32.Build.0 = Release|Win32
		{2D4756EE-BDCA-49E2-B84F-7E66D2C1A88D}.Debug|Win32.ActiveCfg = Debug|Win32
		{2D4756EE-BDCA-49E2-B84F-7E66D2C1A88D}.Debug|Win32.Build.0 = Debug|Win32
		{2D4756EE-BDCA-49E2-B84F-7E66D2C1A88D}.Release|Win32.ActiveCfg = Release|Win32
		{2D4756EE-BDCA-49E2-B84F-7E66D2C1A88D}.Release|Win32.Build.0 = Release|Win32
		{CC624035-153C-46E3-A577-4CAD65FA01A9}.Debug|Win32.ActiveCfg = Debug|Win32
		{CC624035-153C-46E3-A577-4CAD65FA01A9}.Debug|Win32.Build.0 = Debug|Win32
		{CC624035-153C-46E3-A577-4CAD65FA01A9}.Release|Win32.ActiveCfg = Release|Win32
		{CC624035-153C-46E3-A577-4CAD65FA01A9}.Release|Win32.Build.0 = Release|Win32
	EndGlobalSection
	GlobalSection(SolutionProperties) = preSolution
		HideSolutionNode = FALSE
	EndGlobalSection
EndGlobal
